# THIS IS AN AUTOGENERATED FILE. DO NOT EDIT THIS FILE DIRECTLY.
# yarn lockfile v1


class-transformer@^0.2.3:
  version "0.2.3"
  resolved "https://registry.npm.taobao.org/class-transformer/download/class-transformer-0.2.3.tgz#598c92ca71dcca73f91ccb875d74a3847ccfa32d"
  integrity sha1-WYySynHcynP5HMuHXXSjhHzPoy0=

class-validator@^0.9.1:
  version "0.9.1"
  resolved "https://registry.npm.taobao.org/class-validator/download/class-validator-0.9.1.tgz#d60e58c5d14abca0a41bce38cf792ad4c46d1531"
  integrity sha1-1g5YxdFKvKCkG844z3kq1MRtFTE=
  dependencies:
    google-libphonenumber "^3.1.6"
    validator "10.4.0"

google-libphonenumber@^3.1.6:
  version "3.2.3"
  resolved "https://registry.npm.taobao.org/google-libphonenumber/download/google-libphonenumber-3.2.3.tgz#5e5c138c81b8734ebbe5ed354f6cdd22e1b53e95"
  integrity sha1-XlwTjIG4c0675e01T2zdIuG1PpU=

lodash@^4.17.15:
  version "4.17.15"
  resolved "https://registry.npm.taobao.org/lodash/download/lodash-4.17.15.tgz?cache=0&other_urls=https%3A%2F%2Fregistry.npm.taobao.org%2Flodash%2Fdownload%2Flodash-4.17.15.tgz#b447f6670a0455bbfeedd11392eff330ea097548"
  integrity sha1-tEf2ZwoEVbv+7dETku/zMOoJdUg=

validator@10.4.0:
  version "10.4.0"
  resolved "https://registry.npm.taobao.org/validator/download/validator-10.4.0.tgz#ee99a44afb3bb5ed350a159f056ca72a204cfc3c"
  integrity sha1-7pmkSvs7te01ChWfBWynKiBM/Dw=
